
Microsoft Visual Studio Solution File, Format Version 11.00
# Visual Studio 2010
Project("{FAE04EC0-301F-11D3-BF4B-00C04F79EFBC}") = "QADAppharborDemo", "QADAppharborDemo\QADAppharborDemo.csproj", "{0994BED6-0C01-4586-951D-25C8660DE11A}"
EndProject
Project("{FAE04EC0-301F-11D3-BF4B-00C04F79EFBC}") = "QADAppharborDemo.Tests", "QADAppharborDemo.Tests\QADAppharborDemo.Tests.csproj", "{DD188911-C691-47F7-9F58-595D9B3AC1EF}"
EndProject
Global
	GlobalSection(SolutionConfigurationPlatforms) = preSolution
		Debug|Any CPU = Debug|Any CPU
		Release|Any CPU = Release|Any CPU
	EndGlobalSection
	GlobalSection(ProjectConfigurationPlatforms) = postSolution
		{0994BED6-0C01-4586-951D-25C8660DE11A}.Debug|Any CPU.ActiveCfg = Debug|Any CPU
		{0994BED6-0C01-4586-951D-25C8660DE11A}.Debug|Any CPU.Build.0 = Debug|Any CPU
		{0994BED6-0C01-4586-951D-25C8660DE11A}.Release|Any CPU.ActiveCfg = Release|Any CPU
		{0994BED6-0C01-4586-951D-25C8660DE11A}.Release|Any CPU.Build.0 = Release|Any CPU
		{DD188911-C691-47F7-9F58-595D9B3AC1EF}.Debug|Any CPU.ActiveCfg = Debug|Any CPU
		{DD188911-C691-47F7-9F58-595D9B3AC1EF}.Debug|Any CPU.Build.0 = Debug|Any CPU
		{DD188911-C691-47F7-9F58-595D9B3AC1EF}.Release|Any CPU.ActiveCfg = Release|Any CPU
		{DD188911-C691-47F7-9F58-595D9B3AC1EF}.Release|Any CPU.Build.0 = Release|Any CPU
	EndGlobalSection
	GlobalSection(SolutionProperties) = preSolution
		HideSolutionNode = FALSE
	EndGlobalSection
EndGlobal
